{
  "nodes": {
    "hjem": {
      "inputs": {
        "nixpkgs": [
          "nixpkgs"
        ],
        "smfh": "smfh"
      },
      "locked": {
        "lastModified": 1755630157,
        "narHash": "sha256-4XnVeNej5FJLBavw3qxoHI01ojmryeNzT6Mk9Q0nDXQ=",
        "owner": "feel-co",
        "repo": "hjem",
        "rev": "565a15366d7b5aa5483ebe101fbc0ea27f0516b7",
        "type": "github"
      },
      "original": {
        "owner": "feel-co",
        "repo": "hjem",
        "type": "github"
      }
    },
    "hjem-impure": {
      "locked": {
        "lastModified": 1756118186,
        "narHash": "sha256-XvsDMpACcSBXx2cZhO4sjPJ8/geDr5H/53AwEhHcnb0=",
        "owner": "Rexcrazy804",
        "repo": "hjem-impure",
        "rev": "deb108d9e8e86cf21cf45c60fddf2ea6239e531d",
        "type": "github"
      },
      "original": {
        "owner": "Rexcrazy804",
        "repo": "hjem-impure",
        "type": "github"
      }
    },
    "nixpkgs": {
      "locked": {
        "lastModified": 1753939845,
        "narHash": "sha256-K2ViRJfdVGE8tpJejs8Qpvvejks1+A4GQej/lBk5y7I=",
        "owner": "nixos",
        "repo": "nixpkgs",
        "rev": "94def634a20494ee057c76998843c015909d6311",
        "type": "github"
      },
      "original": {
        "owner": "nixos",
        "ref": "nixos-unstable",
        "repo": "nixpkgs",
        "type": "github"
      }
    },
    "quickshell": {
      "inputs": {
        "nixpkgs": [
          "nixpkgs"
        ]
      },
      "locked": {
        "lastModified": 1753595452,
        "narHash": "sha256-vqkSDvh7hWhPvNjMjEDV4KbSCv2jyl2Arh73ZXe274k=",
        "owner": "quickshell-mirror",
        "repo": "quickshell",
        "rev": "a5431dd02dc23d9ef1680e67777fed00fe5f7cda",
        "type": "github"
      },
      "original": {
        "owner": "quickshell-mirror",
        "repo": "quickshell",
        "type": "github"
      }
    },
    "root": {
      "inputs": {
        "hjem": "hjem",
        "hjem-impure": "hjem-impure",
        "nixpkgs": "nixpkgs",
        "quickshell": "quickshell",
        "systems": "systems_2",
        "zaphkiel": "zaphkiel"
      }
    },
    "rust-overlay": {
      "inputs": {
        "nixpkgs": [
          "hjem",
          "smfh",
          "nixpkgs"
        ]
      },
      "locked": {
        "lastModified": 1747622321,
        "narHash": "sha256-W0dYIWgsUu6rvOJRtKLhKskkv0VhQhJYGNIq+gGUc8g=",
        "owner": "oxalica",
        "repo": "rust-overlay",
        "rev": "bd030fd9983f7fddf87be1c64aa3064c8afa24c4",
        "type": "github"
      },
      "original": {
        "owner": "oxalica",
        "repo": "rust-overlay",
        "type": "github"
      }
    },
    "smfh": {
      "inputs": {
        "nixpkgs": [
          "hjem",
          "nixpkgs"
        ],
        "rust-overlay": "rust-overlay",
        "systems": "systems"
      },
      "locked": {
        "lastModified": 1749906619,
        "narHash": "sha256-/9Ww10kYopxfCNNnNDwENTubs7Wzqlw+O6PJAHNOYQw=",
        "owner": "feel-co",
        "repo": "smfh",
        "rev": "39f5c06153f63100376bc607b1465850b6df77fd",
        "type": "github"
      },
      "original": {
        "owner": "feel-co",
        "repo": "smfh",
        "type": "github"
      }
    },
    "systems": {
      "locked": {
        "lastModified": 1681028828,
        "narHash": "sha256-Vy1rq5AaRuLzOxct8nz4T6wlgyUR7zLU309k9mBC768=",
        "owner": "nix-systems",
        "repo": "default",
        "rev": "da67096a3b9bf56a91d16901293e51ba5b49a27e",
        "type": "github"
      },
      "original": {
        "owner": "nix-systems",
        "repo": "default",
        "type": "github"
      }
    },
    "systems_2": {
      "locked": {
        "lastModified": 1681028828,
        "narHash": "sha256-Vy1rq5AaRuLzOxct8nz4T6wlgyUR7zLU309k9mBC768=",
        "owner": "nix-systems",
        "repo": "default",
        "rev": "da67096a3b9bf56a91d16901293e51ba5b49a27e",
        "type": "github"
      },
      "original": {
        "owner": "nix-systems",
        "repo": "default",
        "type": "github"
      }
    },
    "zaphkiel": {
      "inputs": {
        "nixpkgs": [
          "nixpkgs"
        ],
        "quickshell": [
          "quickshell"
        ],
        "systems": [
          "systems"
        ]
      },
      "locked": {
        "lastModified": 1754227344,
        "narHash": "sha256-BuekZI/Fhu0Q9Jnz+BYbJT5Q1Li7LhfziyL7IGWw9Po=",
        "owner": "Rexcrazy804",
        "repo": "Zaphkiel",
        "rev": "e52788d440daaecd21b12cd8a7d10e88639668e6",
        "type": "github"
      },
      "original": {
        "owner": "Rexcrazy804",
        "repo": "Zaphkiel",
        "type": "github"
      }
    }
  },
  "root": "root",
  "version": 7
}
